
Microsoft Visual Studio Solution File, Format Version 12.00
# Visual Studio 15
VisualStudioVersion = 15.0.26730.12
MinimumVisualStudioVersion = 10.0.40219.1
Project("{FAE04EC0-301F-11D3-BF4B-00C04F79EFBC}") = "XF.Recursos.Android", "XF.Recursos\XF.Recursos.Android\XF.Recursos.Android.csproj", "{8BC64AEB-5EB4-4908-9F67-F0B8BE8A46E7}"
EndProject
Project("{FAE04EC0-301F-11D3-BF4B-00C04F79EFBC}") = "XF.Recursos", "XF.Recursos\XF.Recursos\XF.Recursos.csproj", "{E0F8252D-5435-496E-82F2-BD2DCC028EB3}"
EndProject
Project("{FAE04EC0-301F-11D3-BF4B-00C04F79EFBC}") = "XF.Recursos.UWP", "XF.Recursos\XF.Recursos.UWP\XF.Recursos.UWP.csproj", "{0F530E70-F7B2-468F-A74C-62249DC1B68B}"
EndProject
Project("{FAE04EC0-301F-11D3-BF4B-00C04F79EFBC}") = "XF.Recursos.iOS", "XF.Recursos\XF.Recursos.iOS\XF.Recursos.iOS.csproj", "{91A38C7C-7AFA-460E-8E41-655D6F8FAC2F}"
EndProject
Global
	GlobalSection(SolutionConfigurationPlatforms) = preSolution
		Ad-Hoc|Any CPU = Ad-Hoc|Any CPU
		Ad-Hoc|ARM = Ad-Hoc|ARM
		Ad-Hoc|iPhone = Ad-Hoc|iPhone
		Ad-Hoc|iPhoneSimulator = Ad-Hoc|iPhoneSimulator
		Ad-Hoc|x64 = Ad-Hoc|x64
		Ad-Hoc|x86 = Ad-Hoc|x86
		AppStore|Any CPU = AppStore|Any CPU
		AppStore|ARM = AppStore|ARM
		AppStore|iPhone = AppStore|iPhone
		AppStore|iPhoneSimulator = AppStore|iPhoneSimulator
		AppStore|x64 = AppStore|x64
		AppStore|x86 = AppStore|x86
		Debug|Any CPU = Debug|Any CPU
		Debug|ARM = Debug|ARM
		Debug|iPhone = Debug|iPhone
		Debug|iPhoneSimulator = Debug|iPhoneSimulator
		Debug|x64 = Debug|x64
		Debug|x86 = Debug|x86
		Release|Any CPU = Release|Any CPU
		Release|ARM = Release|ARM
		Release|iPhone = Release|iPhone
		Release|iPhoneSimulator = Release|iPhoneSimulator
		Release|x64 = Release|x64
		Release|x86 = Release|x86
	EndGlobalSection
	GlobalSection(ProjectConfigurationPlatforms) = postSolution
		{8BC64AEB-5EB4-4908-9F67-F0B8BE8A46E7}.Ad-Hoc|Any CPU.ActiveCfg = Release|Any CPU
		{8BC64AEB-5EB4-4908-9F67-F0B8BE8A46E7}.Ad-Hoc|Any CPU.Build.0 = Release|Any CPU
		{8BC64AEB-5EB4-4908-9F67-F0B8BE8A46E7}.Ad-Hoc|Any CPU.Deploy.0 = Release|Any CPU
		{8BC64AEB-5EB4-4908-9F67-F0B8BE8A46E7}.Ad-Hoc|ARM.ActiveCfg = Release|Any CPU
		{8BC64AEB-5EB4-4908-9F67-F0B8BE8A46E7}.Ad-Hoc|ARM.Build.0 = Release|Any CPU
		{8BC64AEB-5EB4-4908-9F67-F0B8BE8A46E7}.Ad-Hoc|ARM.Deploy.0 = Release|Any CPU
		{8BC64AEB-5EB4-4908-9F67-F0B8BE8A46E7}.Ad-Hoc|iPhone.ActiveCfg = Release|Any CPU
		{8BC64AEB-5EB4-4908-9F67-F0B8BE8A46E7}.Ad-Hoc|iPhone.Build.0 = Release|Any CPU
		{8BC64AEB-5EB4-4908-9F67-F0B8BE8A46E7}.Ad-Hoc|iPhone.Deploy.0 = Release|Any CPU
		{8BC64AEB-5EB4-4908-9F67-F0B8BE8A46E7}.Ad-Hoc|iPhoneSimulator.ActiveCfg = Release|Any CPU
		{8BC64AEB-5EB4-4908-9F67-F0B8BE8A46E7}.Ad-Hoc|iPhoneSimulator.Build.0 = Release|Any CPU
		{8BC64AEB-5EB4-4908-9F67-F0B8BE8A46E7}.Ad-Hoc|iPhoneSimulator.Deploy.0 = Release|Any CPU
		{8BC64AEB-5EB4-4908-9F67-F0B8BE8A46E7}.Ad-Hoc|x64.ActiveCfg = Release|Any CPU
		{8BC64AEB-5EB4-4908-9F67-F0B8BE8A46E7}.Ad-Hoc|x64.Build.0 = Release|Any CPU
		{8BC64AEB-5EB4-4908-9F67-F0B8BE8A46E7}.Ad-Hoc|x64.Deploy.0 = Release|Any CPU
		{8BC64AEB-5EB4-4908-9F67-F0B8BE8A46E7}.Ad-Hoc|x86.ActiveCfg = Release|Any CPU
		{8BC64AEB-5EB4-4908-9F67-F0B8BE8A46E7}.Ad-Hoc|x86.Build.0 = Release|Any CPU
		{8BC64AEB-5EB4-4908-9F67-F0B8BE8A46E7}.Ad-Hoc|x86.Deploy.0 = Release|Any CPU
		{8BC64AEB-5EB4-4908-9F67-F0B8BE8A46E7}.AppStore|Any CPU.ActiveCfg = Release|Any CPU
		{8BC64AEB-5EB4-4908-9F67-F0B8BE8A46E7}.AppStore|Any CPU.Build.0 = Release|Any CPU
		{8BC64AEB-5EB4-4908-9F67-F0B8BE8A46E7}.AppStore|Any CPU.Deploy.0 = Release|Any CPU
		{8BC64AEB-5EB4-4908-9F67-F0B8BE8A46E7}.AppStore|ARM.ActiveCfg = Release|Any CPU
		{8BC64AEB-5EB4-4908-9F67-F0B8BE8A46E7}.AppStore|ARM.Build.0 = Release|Any CPU
		{8BC64AEB-5EB4-4908-9F67-F0B8BE8A46E7}.AppStore|ARM.Deploy.0 = Release|Any CPU
		{8BC64AEB-5EB4-4908-9F67-F0B8BE8A46E7}.AppStore|iPhone.ActiveCfg = Release|Any CPU
		{8BC64AEB-5EB4-4908-9F67-F0B8BE8A46E7}.AppStore|iPhone.Build.0 = Release|Any CPU
		{8BC64AEB-5EB4-4908-9F67-F0B8BE8A46E7}.AppStore|iPhone.Deploy.0 = Release|Any CPU
		{8BC64AEB-5EB4-4908-9F67-F0B8BE8A46E7}.AppStore|iPhoneSimulator.ActiveCfg = Release|Any CPU
		{8BC64AEB-5EB4-4908-9F67-F0B8BE8A46E7}.AppStore|iPhoneSimulator.Build.0 = Release|Any CPU
		{8BC64AEB-5EB4-4908-9F67-F0B8BE8A46E7}.AppStore|iPhoneSimulator.Deploy.0 = Release|Any CPU
		{8BC64AEB-5EB4-4908-9F67-F0B8BE8A46E7}.AppStore|x64.ActiveCfg = Release|Any CPU
		{8BC64AEB-5EB4-4908-9F67-F0B8BE8A46E7}.AppStore|x64.Build.0 = Release|Any CPU
		{8BC64AEB-5EB4-4908-9F67-F0B8BE8A46E7}.AppStore|x64.Deploy.0 = Release|Any CPU
		{8BC64AEB-5EB4-4908-9F67-F0B8BE8A46E7}.AppStore|x86.ActiveCfg = Release|Any CPU
		{8BC64AEB-5EB4-4908-9F67-F0B8BE8A46E7}.AppStore|x86.Build.0 = Release|Any CPU
		{8BC64AEB-5EB4-4908-9F67-F0B8BE8A46E7}.AppStore|x86.Deploy.0 = Release|Any CPU
		{8BC64AEB-5EB4-4908-9F67-F0B8BE8A46E7}.Debug|Any CPU.ActiveCfg = Debug|Any CPU
		{8BC64AEB-5EB4-4908-9F67-F0B8BE8A46E7}.Debug|Any CPU.Build.0 = Debug|Any CPU
		{8BC64AEB-5EB4-4908-9F67-F0B8BE8A46E7}.Debug|Any CPU.Deploy.0 = Debug|Any CPU
		{8BC64AEB-5EB4-4908-9F67-F0B8BE8A46E7}.Debug|ARM.ActiveCfg = Debug|Any CPU
		{8BC64AEB-5EB4-4908-9F67-F0B8BE8A46E7}.Debug|ARM.Build.0 = Debug|Any CPU
		{8BC64AEB-5EB4-4908-9F67-F0B8BE8A46E7}.Debug|ARM.Deploy.0 = Debug|Any CPU
		{8BC64AEB-5EB4-4908-9F67-F0B8BE8A46E7}.Debug|iPhone.ActiveCfg = Debug|Any CPU
		{8BC64AEB-5EB4-4908-9F67-F0B8BE8A46E7}.Debug|iPhone.Build.0 = Debug|Any CPU
		{8BC64AEB-5EB4-4908-9F67-F0B8BE8A46E7}.Debug|iPhone.Deploy.0 = Debug|Any CPU
		{8BC64AEB-5EB4-4908-9F67-F0B8BE8A46E7}.Debug|iPhoneSimulator.ActiveCfg = Debug|Any CPU
		{8BC64AEB-5EB4-4908-9F67-F0B8BE8A46E7}.Debug|iPhoneSimulator.Build.0 = Debug|Any CPU
		{8BC64AEB-5EB4-4908-9F67-F0B8BE8A46E7}.Debug|iPhoneSimulator.Deploy.0 = Debug|Any CPU
		{8BC64AEB-5EB4-4908-9F67-F0B8BE8A46E7}.Debug|x64.ActiveCfg = Debug|Any CPU
		{8BC64AEB-5EB4-4908-9F67-F0B8BE8A46E7}.Debug|x64.Build.0 = Debug|Any CPU
		{8BC64AEB-5EB4-4908-9F67-F0B8BE8A46E7}.Debug|x64.Deploy.0 = Debug|Any CPU
		{8BC64AEB-5EB4-4908-9F67-F0B8BE8A46E7}.Debug|x86.ActiveCfg = Debug|Any CPU
		{8BC64AEB-5EB4-4908-9F67-F0B8BE8A46E7}.Debug|x86.Build.0 = Debug|Any CPU
		{8BC64AEB-5EB4-4908-9F67-F0B8BE8A46E7}.Debug|x86.Deploy.0 = Debug|Any CPU
		{8BC64AEB-5EB4-4908-9F67-F0B8BE8A46E7}.Release|Any CPU.ActiveCfg = Release|Any CPU
		{8BC64AEB-5EB4-4908-9F67-F0B8BE8A46E7}.Release|Any CPU.Build.0 = Release|Any CPU
		{8BC64AEB-5EB4-4908-9F67-F0B8BE8A46E7}.Release|Any CPU.Deploy.0 = Release|Any CPU
		{8BC64AEB-5EB4-4908-9F67-F0B8BE8A46E7}.Release|ARM.ActiveCfg = Release|Any CPU
		{8BC64AEB-5EB4-4908-9F67-F0B8BE8A46E7}.Release|ARM.Build.0 = Release|Any CPU
		{8BC64AEB-5EB4-4908-9F67-F0B8BE8A46E7}.Release|ARM.Deploy.0 = Release|Any CPU
		{8BC64AEB-5EB4-4908-9F67-F0B8BE8A46E7}.Release|iPhone.ActiveCfg = Release|Any CPU
		{8BC64AEB-5EB4-4908-9F67-F0B8BE8A46E7}.Release|iPhone.Build.0 = Release|Any CPU
		{8BC64AEB-5EB4-4908-9F67-F0B8BE8A46E7}.Release|iPhone.Deploy.0 = Release|Any CPU
		{8BC64AEB-5EB4-4908-9F67-F0B8BE8A46E7}.Release|iPhoneSimulator.ActiveCfg = Release|Any CPU
		{8BC64AEB-5EB4-4908-9F67-F0B8BE8A46E7}.Release|iPhoneSimulator.Build.0 = Release|Any CPU
		{8BC64AEB-5EB4-4908-9F67-F0B8BE8A46E7}.Release|iPhoneSimulator.Deploy.0 = Release|Any CPU
		{8BC64AEB-5EB4-4908-9F67-F0B8BE8A46E7}.Release|x64.ActiveCfg = Release|Any CPU
		{8BC64AEB-5EB4-4908-9F67-F0B8BE8A46E7}.Release|x64.Build.0 = Release|Any CPU
		{8BC64AEB-5EB4-4908-9F67-F0B8BE8A46E7}.Release|x64.Deploy.0 = Release|Any CPU
		{8BC64AEB-5EB4-4908-9F67-F0B8BE8A46E7}.Release|x86.ActiveCfg = Release|Any CPU
		{8BC64AEB-5EB4-4908-9F67-F0B8BE8A46E7}.Release|x86.Build.0 = Release|Any CPU
		{8BC64AEB-5EB4-4908-9F67-F0B8BE8A46E7}.Release|x86.Deploy.0 = Release|Any CPU
		{E0F8252D-5435-496E-82F2-BD2DCC028EB3}.Ad-Hoc|Any CPU.ActiveCfg = Release|Any CPU
		{E0F8252D-5435-496E-82F2-BD2DCC028EB3}.Ad-Hoc|Any CPU.Build.0 = Release|Any CPU
		{E0F8252D-5435-496E-82F2-BD2DCC028EB3}.Ad-Hoc|ARM.ActiveCfg = Release|Any CPU
		{E0F8252D-5435-496E-82F2-BD2DCC028EB3}.Ad-Hoc|ARM.Build.0 = Release|Any CPU
		{E0F8252D-5435-496E-82F2-BD2DCC028EB3}.Ad-Hoc|iPhone.ActiveCfg = Release|Any CPU
		{E0F8252D-5435-496E-82F2-BD2DCC028EB3}.Ad-Hoc|iPhone.Build.0 = Release|Any CPU
		{E0F8252D-5435-496E-82F2-BD2DCC028EB3}.Ad-Hoc|iPhoneSimulator.ActiveCfg = Release|Any CPU
		{E0F8252D-5435-496E-82F2-BD2DCC028EB3}.Ad-Hoc|iPhoneSimulator.Build.0 = Release|Any CPU
		{E0F8252D-5435-496E-82F2-BD2DCC028EB3}.Ad-Hoc|x64.ActiveCfg = Release|Any CPU
		{E0F8252D-5435-496E-82F2-BD2DCC028EB3}.Ad-Hoc|x64.Build.0 = Release|Any CPU
		{E0F8252D-5435-496E-82F2-BD2DCC028EB3}.Ad-Hoc|x86.ActiveCfg = Release|Any CPU
		{E0F8252D-5435-496E-82F2-BD2DCC028EB3}.Ad-Hoc|x86.Build.0 = Release|Any CPU
		{E0F8252D-5435-496E-82F2-BD2DCC028EB3}.AppStore|Any CPU.ActiveCfg = Release|Any CPU
		{E0F8252D-5435-496E-82F2-BD2DCC028EB3}.AppStore|Any CPU.Build.0 = Release|Any CPU
		{E0F8252D-5435-496E-82F2-BD2DCC028EB3}.AppStore|ARM.ActiveCfg = Release|Any CPU
		{E0F8252D-5435-496E-82F2-BD2DCC028EB3}.AppStore|ARM.Build.0 = Release|Any CPU
		{E0F8252D-5435-496E-82F2-BD2DCC028EB3}.AppStore|iPhone.ActiveCfg = Release|Any CPU
		{E0F8252D-5435-496E-82F2-BD2DCC028EB3}.AppStore|iPhone.Build.0 = Release|Any CPU
		{E0F8252D-5435-496E-82F2-BD2DCC028EB3}.AppStore|iPhoneSimulator.ActiveCfg = Release|Any CPU
		{E0F8252D-5435-496E-82F2-BD2DCC028EB3}.AppStore|iPhoneSimulator.Build.0 = Release|Any CPU
		{E0F8252D-5435-496E-82F2-BD2DCC028EB3}.AppStore|x64.ActiveCfg = Release|Any CPU
		{E0F8252D-5435-496E-82F2-BD2DCC028EB3}.AppStore|x64.Build.0 = Release|Any CPU
		{E0F8252D-5435-496E-82F2-BD2DCC028EB3}.AppStore|x86.ActiveCfg = Release|Any CPU
		{E0F8252D-5435-496E-82F2-BD2DCC028EB3}.AppStore|x86.Build.0 = Release|Any CPU
		{E0F8252D-5435-496E-82F2-BD2DCC028EB3}.Debug|Any CPU.ActiveCfg = Debug|Any CPU
		{E0F8252D-5435-496E-82F2-BD2DCC028EB3}.Debug|Any CPU.Build.0 = Debug|Any CPU
		{E0F8252D-5435-496E-82F2-BD2DCC028EB3}.Debug|ARM.ActiveCfg = Debug|Any CPU
		{E0F8252D-5435-496E-82F2-BD2DCC028EB3}.Debug|ARM.Build.0 = Debug|Any CPU
		{E0F8252D-5435-496E-82F2-BD2DCC028EB3}.Debug|iPhone.ActiveCfg = Debug|Any CPU
		{E0F8252D-5435-496E-82F2-BD2DCC028EB3}.Debug|iPhone.Build.0 = Debug|Any CPU
		{E0F8252D-5435-496E-82F2-BD2DCC028EB3}.Debug|iPhoneSimulator.ActiveCfg = Debug|Any CPU
		{E0F8252D-5435-496E-82F2-BD2DCC028EB3}.Debug|iPhoneSimulator.Build.0 = Debug|Any CPU
		{E0F8252D-5435-496E-82F2-BD2DCC028EB3}.Debug|x64.ActiveCfg = Debug|Any CPU
		{E0F8252D-5435-496E-82F2-BD2DCC028EB3}.Debug|x64.Build.0 = Debug|Any CPU
		{E0F8252D-5435-496E-82F2-BD2DCC028EB3}.Debug|x86.ActiveCfg = Debug|Any CPU
		{E0F8252D-5435-496E-82F2-BD2DCC028EB3}.Debug|x86.Build.0 = Debug|Any CPU
		{E0F8252D-5435-496E-82F2-BD2DCC028EB3}.Release|Any CPU.ActiveCfg = Release|Any CPU
		{E0F8252D-5435-496E-82F2-BD2DCC028EB3}.Release|Any CPU.Build.0 = Release|Any CPU
		{E0F8252D-5435-496E-82F2-BD2DCC028EB3}.Release|ARM.ActiveCfg = Release|Any CPU
		{E0F8252D-5435-496E-82F2-BD2DCC028EB3}.Release|ARM.Build.0 = Release|Any CPU
		{E0F8252D-5435-496E-82F2-BD2DCC028EB3}.Release|iPhone.ActiveCfg = Release|Any CPU
		{E0F8252D-5435-496E-82F2-BD2DCC028EB3}.Release|iPhone.Build.0 = Release|Any CPU
		{E0F8252D-5435-496E-82F2-BD2DCC028EB3}.Release|iPhoneSimulator.ActiveCfg = Release|Any CPU
		{E0F8252D-5435-496E-82F2-BD2DCC028EB3}.Release|iPhoneSimulator.Build.0 = Release|Any CPU
		{E0F8252D-5435-496E-82F2-BD2DCC028EB3}.Release|x64.ActiveCfg = Release|Any CPU
		{E0F8252D-5435-496E-82F2-BD2DCC028EB3}.Release|x64.Build.0 = Release|Any CPU
		{E0F8252D-5435-496E-82F2-BD2DCC028EB3}.Release|x86.ActiveCfg = Release|Any CPU
		{E0F8252D-5435-496E-82F2-BD2DCC028EB3}.Release|x86.Build.0 = Release|Any CPU
		{0F530E70-F7B2-468F-A74C-62249DC1B68B}.Ad-Hoc|Any CPU.ActiveCfg = Release|x86
		{0F530E70-F7B2-468F-A74C-62249DC1B68B}.Ad-Hoc|Any CPU.Build.0 = Release|x86
		{0F530E70-F7B2-468F-A74C-62249DC1B68B}.Ad-Hoc|Any CPU.Deploy.0 = Release|x86
		{0F530E70-F7B2-468F-A74C-62249DC1B68B}.Ad-Hoc|ARM.ActiveCfg = Release|ARM
		{0F530E70-F7B2-468F-A74C-62249DC1B68B}.Ad-Hoc|ARM.Build.0 = Release|ARM
		{0F530E70-F7B2-468F-A74C-62249DC1B68B}.Ad-Hoc|ARM.Deploy.0 = Release|ARM
		{0F530E70-F7B2-468F-A74C-62249DC1B68B}.Ad-Hoc|iPhone.ActiveCfg = Release|x86
		{0F530E70-F7B2-468F-A74C-62249DC1B68B}.Ad-Hoc|iPhone.Build.0 = Release|x86
		{0F530E70-F7B2-468F-A74C-62249DC1B68B}.Ad-Hoc|iPhone.Deploy.0 = Release|x86
		{0F530E70-F7B2-468F-A74C-62249DC1B68B}.Ad-Hoc|iPhoneSimulator.ActiveCfg = Release|x86
		{0F530E70-F7B2-468F-A74C-62249DC1B68B}.Ad-Hoc|iPhoneSimulator.Build.0 = Release|x86
		{0F530E70-F7B2-468F-A74C-62249DC1B68B}.Ad-Hoc|iPhoneSimulator.Deploy.0 = Release|x86
		{0F530E70-F7B2-468F-A74C-62249DC1B68B}.Ad-Hoc|x64.ActiveCfg = Release|x64
		{0F530E70-F7B2-468F-A74C-62249DC1B68B}.Ad-Hoc|x64.Build.0 = Release|x64
		{0F530E70-F7B2-468F-A74C-62249DC1B68B}.Ad-Hoc|x64.Deploy.0 = Release|x64
		{0F530E70-F7B2-468F-A74C-62249DC1B68B}.Ad-Hoc|x86.ActiveCfg = Release|x86
		{0F530E70-F7B2-468F-A74C-62249DC1B68B}.Ad-Hoc|x86.Build.0 = Release|x86
		{0F530E70-F7B2-468F-A74C-62249DC1B68B}.Ad-Hoc|x86.Deploy.0 = Release|x86
		{0F530E70-F7B2-468F-A74C-62249DC1B68B}.AppStore|Any CPU.ActiveCfg = Release|x86
		{0F530E70-F7B2-468F-A74C-62249DC1B68B}.AppStore|Any CPU.Build.0 = Release|x86
		{0F530E70-F7B2-468F-A74C-62249DC1B68B}.AppStore|Any CPU.Deploy.0 = Release|x86
		{0F530E70-F7B2-468F-A74C-62249DC1B68B}.AppStore|ARM.ActiveCfg = Release|ARM
		{0F530E70-F7B2-468F-A74C-62249DC1B68B}.AppStore|ARM.Build.0 = Release|ARM
		{0F530E70-F7B2-468F-A74C-62249DC1B68B}.AppStore|ARM.Deploy.0 = Release|ARM
		{0F530E70-F7B2-468F-A74C-62249DC1B68B}.AppStore|iPhone.ActiveCfg = Release|x86
		{0F530E70-F7B2-468F-A74C-62249DC1B68B}.AppStore|iPhone.Build.0 = Release|x86
		{0F530E70-F7B2-468F-A74C-62249DC1B68B}.AppStore|iPhone.Deploy.0 = Release|x86
		{0F530E70-F7B2-468F-A74C-62249DC1B68B}.AppStore|iPhoneSimulator.ActiveCfg = Release|x86
		{0F530E70-F7B2-468F-A74C-62249DC1B68B}.AppStore|iPhoneSimulator.Build.0 = Release|x86
		{0F530E70-F7B2-468F-A74C-62249DC1B68B}.AppStore|iPhoneSimulator.Deploy.0 = Release|x86
		{0F530E70-F7B2-468F-A74C-62249DC1B68B}.AppStore|x64.ActiveCfg = Release|x64
		{0F530E70-F7B2-468F-A74C-62249DC1B68B}.AppStore|x64.Build.0 = Release|x64
		{0F530E70-F7B2-468F-A74C-62249DC1B68B}.AppStore|x64.Deploy.0 = Release|x64
		{0F530E70-F7B2-468F-A74C-62249DC1B68B}.AppStore|x86.ActiveCfg = Release|x86
		{0F530E70-F7B2-468F-A74C-62249DC1B68B}.AppStore|x86.Build.0 = Release|x86
		{0F530E70-F7B2-468F-A74C-62249DC1B68B}.AppStore|x86.Deploy.0 = Release|x86
		{0F530E70-F7B2-468F-A74C-62249DC1B68B}.Debug|Any CPU.ActiveCfg = Debug|x86
		{0F530E70-F7B2-468F-A74C-62249DC1B68B}.Debug|ARM.ActiveCfg = Debug|ARM
		{0F530E70-F7B2-468F-A74C-62249DC1B68B}.Debug|ARM.Build.0 = Debug|ARM
		{0F530E70-F7B2-468F-A74C-62249DC1B68B}.Debug|ARM.Deploy.0 = Debug|ARM
		{0F530E70-F7B2-468F-A74C-62249DC1B68B}.Debug|iPhone.ActiveCfg = Debug|x86
		{0F530E70-F7B2-468F-A74C-62249DC1B68B}.Debug|iPhoneSimulator.ActiveCfg = Debug|x86
		{0F530E70-F7B2-468F-A74C-62249DC1B68B}.Debug|x64.ActiveCfg = Debug|x64
		{0F530E70-F7B2-468F-A74C-62249DC1B68B}.Debug|x64.Build.0 = Debug|x64
		{0F530E70-F7B2-468F-A74C-62249DC1B68B}.Debug|x64.Deploy.0 = Debug|x64
		{0F530E70-F7B2-468F-A74C-62249DC1B68B}.Debug|x86.ActiveCfg = Debug|x86
		{0F530E70-F7B2-468F-A74C-62249DC1B68B}.Debug|x86.Build.0 = Debug|x86
		{0F530E70-F7B2-468F-A74C-62249DC1B68B}.Debug|x86.Deploy.0 = Debug|x86
		{0F530E70-F7B2-468F-A74C-62249DC1B68B}.Release|Any CPU.ActiveCfg = Release|x86
		{0F530E70-F7B2-468F-A74C-62249DC1B68B}.Release|ARM.ActiveCfg = Release|ARM
		{0F530E70-F7B2-468F-A74C-62249DC1B68B}.Release|ARM.Build.0 = Release|ARM
		{0F530E70-F7B2-468F-A74C-62249DC1B68B}.Release|ARM.Deploy.0 = Release|ARM
		{0F530E70-F7B2-468F-A74C-62249DC1B68B}.Release|iPhone.ActiveCfg = Release|x86
		{0F530E70-F7B2-468F-A74C-62249DC1B68B}.Release|iPhoneSimulator.ActiveCfg = Release|x86
		{0F530E70-F7B2-468F-A74C-62249DC1B68B}.Release|x64.ActiveCfg = Release|x64
		{0F530E70-F7B2-468F-A74C-62249DC1B68B}.Release|x64.Build.0 = Release|x64
		{0F530E70-F7B2-468F-A74C-62249DC1B68B}.Release|x64.Deploy.0 = Release|x64
		{0F530E70-F7B2-468F-A74C-62249DC1B68B}.Release|x86.ActiveCfg = Release|x86
		{0F530E70-F7B2-468F-A74C-62249DC1B68B}.Release|x86.Build.0 = Release|x86
		{0F530E70-F7B2-468F-A74C-62249DC1B68B}.Release|x86.Deploy.0 = Release|x86
		{91A38C7C-7AFA-460E-8E41-655D6F8FAC2F}.Ad-Hoc|Any CPU.ActiveCfg = Ad-Hoc|iPhone
		{91A38C7C-7AFA-460E-8E41-655D6F8FAC2F}.Ad-Hoc|ARM.ActiveCfg = Ad-Hoc|iPhone
		{91A38C7C-7AFA-460E-8E41-655D6F8FAC2F}.Ad-Hoc|iPhone.ActiveCfg = Ad-Hoc|iPhone
		{91A38C7C-7AFA-460E-8E41-655D6F8FAC2F}.Ad-Hoc|iPhone.Build.0 = Ad-Hoc|iPhone
		{91A38C7C-7AFA-460E-8E41-655D6F8FAC2F}.Ad-Hoc|iPhoneSimulator.ActiveCfg = Ad-Hoc|iPhoneSimulator
		{91A38C7C-7AFA-460E-8E41-655D6F8FAC2F}.Ad-Hoc|iPhoneSimulator.Build.0 = Ad-Hoc|iPhoneSimulator
		{91A38C7C-7AFA-460E-8E41-655D6F8FAC2F}.Ad-Hoc|x64.ActiveCfg = Ad-Hoc|iPhone
		{91A38C7C-7AFA-460E-8E41-655D6F8FAC2F}.Ad-Hoc|x86.ActiveCfg = Ad-Hoc|iPhone
		{91A38C7C-7AFA-460E-8E41-655D6F8FAC2F}.AppStore|Any CPU.ActiveCfg = AppStore|iPhone
		{91A38C7C-7AFA-460E-8E41-655D6F8FAC2F}.AppStore|ARM.ActiveCfg = AppStore|iPhone
		{91A38C7C-7AFA-460E-8E41-655D6F8FAC2F}.AppStore|iPhone.ActiveCfg = AppStore|iPhone
		{91A38C7C-7AFA-460E-8E41-655D6F8FAC2F}.AppStore|iPhone.Build.0 = AppStore|iPhone
		{91A38C7C-7AFA-460E-8E41-655D6F8FAC2F}.AppStore|iPhoneSimulator.ActiveCfg = AppStore|iPhoneSimulator
		{91A38C7C-7AFA-460E-8E41-655D6F8FAC2F}.AppStore|iPhoneSimulator.Build.0 = AppStore|iPhoneSimulator
		{91A38C7C-7AFA-460E-8E41-655D6F8FAC2F}.AppStore|x64.ActiveCfg = AppStore|iPhone
		{91A38C7C-7AFA-460E-8E41-655D6F8FAC2F}.AppStore|x86.ActiveCfg = AppStore|iPhone
		{91A38C7C-7AFA-460E-8E41-655D6F8FAC2F}.Debug|Any CPU.ActiveCfg = Debug|iPhone
		{91A38C7C-7AFA-460E-8E41-655D6F8FAC2F}.Debug|ARM.ActiveCfg = Debug|iPhone
		{91A38C7C-7AFA-460E-8E41-655D6F8FAC2F}.Debug|iPhone.ActiveCfg = Debug|iPhone
		{91A38C7C-7AFA-460E-8E41-655D6F8FAC2F}.Debug|iPhone.Build.0 = Debug|iPhone
		{91A38C7C-7AFA-460E-8E41-655D6F8FAC2F}.Debug|iPhoneSimulator.ActiveCfg = Debug|iPhoneSimulator
		{91A38C7C-7AFA-460E-8E41-655D6F8FAC2F}.Debug|iPhoneSimulator.Build.0 = Debug|iPhoneSimulator
		{91A38C7C-7AFA-460E-8E41-655D6F8FAC2F}.Debug|x64.ActiveCfg = Debug|iPhone
		{91A38C7C-7AFA-460E-8E41-655D6F8FAC2F}.Debug|x86.ActiveCfg = Debug|iPhone
		{91A38C7C-7AFA-460E-8E41-655D6F8FAC2F}.Release|Any CPU.ActiveCfg = Release|iPhone
		{91A38C7C-7AFA-460E-8E41-655D6F8FAC2F}.Release|ARM.ActiveCfg = Release|iPhone
		{91A38C7C-7AFA-460E-8E41-655D6F8FAC2F}.Release|iPhone.ActiveCfg = Release|iPhone
		{91A38C7C-7AFA-460E-8E41-655D6F8FAC2F}.Release|iPhone.Build.0 = Release|iPhone
		{91A38C7C-7AFA-460E-8E41-655D6F8FAC2F}.Release|iPhoneSimulator.ActiveCfg = Release|iPhoneSimulator
		{91A38C7C-7AFA-460E-8E41-655D6F8FAC2F}.Release|iPhoneSimulator.Build.0 = Release|iPhoneSimulator
		{91A38C7C-7AFA-460E-8E41-655D6F8FAC2F}.Release|x64.ActiveCfg = Release|iPhone
		{91A38C7C-7AFA-460E-8E41-655D6F8FAC2F}.Release|x86.ActiveCfg = Release|iPhone
	EndGlobalSection
	GlobalSection(SolutionProperties) = preSolution
		HideSolutionNode = FALSE
	EndGlobalSection
	GlobalSection(ExtensibilityGlobals) = postSolution
		SolutionGuid = {C0EB500A-4B7A-467C-91F9-2D35E316D3A8}
	EndGlobalSection
EndGlobal
